
Microsoft Visual Studio Solution File, Format Version 12.00
# Visual Studio Version 16
VisualStudioVersion = 16.0.31702.278
MinimumVisualStudioVersion = 10.0.40219.1
Project("{FAE04EC0-301F-11D3-BF4B-00C04F79EFBC}") = "KimTrashFingerWPF", "KimTrashFingerWPF\KimTrashFingerWPF.csproj", "{E811D895-3FD1-4AFA-871E-DA1F7A22805C}"
EndProject
Global
	GlobalSection(SolutionConfigurationPlatforms) = preSolution
		Debug|Any CPU = Debug|Any CPU
		Release|Any CPU = Release|Any CPU
	EndGlobalSection
	GlobalSection(ProjectConfigurationPlatforms) = postSolution
		{E811D895-3FD1-4AFA-871E-DA1F7A22805C}.Debug|Any CPU.ActiveCfg = Debug|Any CPU
		{E811D895-3FD1-4AFA-871E-DA1F7A22805C}.Debug|Any CPU.Build.0 = Debug|Any CPU
		{E811D895-3FD1-4AFA-871E-DA1F7A22805C}.Release|Any CPU.ActiveCfg = Release|Any CPU
		{E811D895-3FD1-4AFA-871E-DA1F7A22805C}.Release|Any CPU.Build.0 = Release|Any CPU
	EndGlobalSection
	GlobalSection(SolutionProperties) = preSolution
		HideSolutionNode = FALSE
	EndGlobalSection
	GlobalSection(ExtensibilityGlobals) = postSolution
		SolutionGuid = {E282DDEE-534D-4452-9095-8B25109A0C98}
	EndGlobalSection
EndGlobal
